
Microsoft Visual Studio Solution File, Format Version 12.00
# Visual Studio Version 17
VisualStudioVersion = 17.4.33110.190
MinimumVisualStudioVersion = 10.0.40219.1
Project("{FAE04EC0-301F-11D3-BF4B-00C04F79EFBC}") = "Calculator", "Calculator.csproj", "{613FC2F4-9DCA-4934-BA84-916F243CC96D}"
EndProject
Global
	GlobalSection(SolutionConfigurationPlatforms) = preSolution
		Debug|Any CPU = Debug|Any CPU
		Release|Any CPU = Release|Any CPU
	EndGlobalSection
	GlobalSection(ProjectConfigurationPlatforms) = postSolution
		{613FC2F4-9DCA-4934-BA84-916F243CC96D}.Debug|Any CPU.ActiveCfg = Debug|Any CPU
		{613FC2F4-9DCA-4934-BA84-916F243CC96D}.Debug|Any CPU.Build.0 = Debug|Any CPU
		{613FC2F4-9DCA-4934-BA84-916F243CC96D}.Release|Any CPU.ActiveCfg = Release|Any CPU
		{613FC2F4-9DCA-4934-BA84-916F243CC96D}.Release|Any CPU.Build.0 = Release|Any CPU
	EndGlobalSection
	GlobalSection(SolutionProperties) = preSolution
		HideSolutionNode = FALSE
	EndGlobalSection
	GlobalSection(ExtensibilityGlobals) = postSolution
		SolutionGuid = {8B60979E-CC84-43D3-B64D-8A643725A815}
	EndGlobalSection
EndGlobal
